// !$*UTF8*$!
{
	archiveVersion = 1;
	classes = {
	};
	objectVersion = 50;
	objects = {

/* Begin PBXBuildFile section */
		ED006A34234BB40000C44414 /* AppDelegate.swift in Sources */ = {isa = PBXBuildFile; fileRef = ED006A33234BB40000C44414 /* AppDelegate.swift */; };
		ED006A39234BB40000C44414 /* Main.storyboard in Resources */ = {isa = PBXBuildFile; fileRef = ED006A37234BB40000C44414 /* Main.storyboard */; };
		ED006A3B234BB40900C44414 /* Assets.xcassets in Resources */ = {isa = PBXBuildFile; fileRef = ED006A3A234BB40900C44414 /* Assets.xcassets */; };
		ED006A3E234BB40900C44414 /* LaunchScreen.storyboard in Resources */ = {isa = PBXBuildFile; fileRef = ED006A3C234BB40900C44414 /* LaunchScreen.storyboard */; };
		ED006A57234BB4AD00C44414 /* LocationCell.swift in Sources */ = {isa = PBXBuildFile; fileRef = ED006A45234BB4A400C44414 /* LocationCell.swift */; };
		ED006A58234BB4AD00C44414 /* Sound.caf in Resources */ = {isa = PBXBuildFile; fileRef = ED006A46234BB4A500C44414 /* Sound.caf */; };
		ED006A59234BB4AD00C44414 /* LocationDetailsViewController.swift in Sources */ = {isa = PBXBuildFile; fileRef = ED006A47234BB4A500C44414 /* LocationDetailsViewController.swift */; };
		ED006A5A234BB4AD00C44414 /* Functions.swift in Sources */ = {isa = PBXBuildFile; fileRef = ED006A48234BB4A500C44414 /* Functions.swift */; };
		ED006A5B234BB4AD00C44414 /* UIImage+Resize.swift in Sources */ = {isa = PBXBuildFile; fileRef = ED006A49234BB4A600C44414 /* UIImage+Resize.swift */; };
		ED006A5C234BB4AD00C44414 /* CurrentLocationViewController.swift in Sources */ = {isa = PBXBuildFile; fileRef = ED006A4A234BB4A700C44414 /* CurrentLocationViewController.swift */; };
		ED006A5D234BB4AD00C44414 /* DataModel.xcdatamodeld in Sources */ = {isa = PBXBuildFile; fileRef = ED006A4B234BB4A800C44414 /* DataModel.xcdatamodeld */; };
		ED006A5E234BB4AD00C44414 /* Location+CoreDataProperties.swift in Sources */ = {isa = PBXBuildFile; fileRef = ED006A4D234BB4A800C44414 /* Location+CoreDataProperties.swift */; };
		ED006A5F234BB4AD00C44414 /* CategoryPickerViewController.swift in Sources */ = {isa = PBXBuildFile; fileRef = ED006A4E234BB4A800C44414 /* CategoryPickerViewController.swift */; };
		ED006A60234BB4AD00C44414 /* MyImagePickerController.swift in Sources */ = {isa = PBXBuildFile; fileRef = ED006A4F234BB4A900C44414 /* MyImagePickerController.swift */; };
		ED006A61234BB4AD00C44414 /* MapViewController.swift in Sources */ = {isa = PBXBuildFile; fileRef = ED006A50234BB4A900C44414 /* MapViewController.swift */; };
		ED006A62234BB4AD00C44414 /* LocationsViewController.swift in Sources */ = {isa = PBXBuildFile; fileRef = ED006A51234BB4AA00C44414 /* LocationsViewController.swift */; };
		ED006A63234BB4AD00C44414 /* MyTabBarController.swift in Sources */ = {isa = PBXBuildFile; fileRef = ED006A52234BB4AB00C44414 /* MyTabBarController.swift */; };
		ED006A64234BB4AD00C44414 /* String+AddText.swift in Sources */ = {isa = PBXBuildFile; fileRef = ED006A53234BB4AB00C44414 /* String+AddText.swift */; };
		ED006A65234BB4AD00C44414 /* HudView.swift in Sources */ = {isa = PBXBuildFile; fileRef = ED006A54234BB4AB00C44414 /* HudView.swift */; };
		ED006A66234BB4AD00C44414 /* Location+CoreDataClass.swift in Sources */ = {isa = PBXBuildFile; fileRef = ED006A55234BB4AC00C44414 /* Location+CoreDataClass.swift */; };
		ED006A67234BB4AD00C44414 /* MyNavigationController.swift in Sources */ = {isa = PBXBuildFile; fileRef = ED006A56234BB4AC00C44414 /* MyNavigationController.swift */; };
/* End PBXBuildFile section */

/* Begin PBXFileReference section */
		ED006A30234BB40000C44414 /* MyLocations.app */ = {isa = PBXFileReference; explicitFileType = wrapper.application; includeInIndex = 0; path = MyLocations.app; sourceTree = BUILT_PRODUCTS_DIR; };
		ED006A33234BB40000C44414 /* AppDelegate.swift */ = {isa = PBXFileReference; lastKnownFileType = sourcecode.swift; path = AppDelegate.swift; sourceTree = "<group>"; };
		ED006A38234BB40000C44414 /* Base */ = {isa = PBXFileReference; lastKnownFileType = file.storyboard; name = Base; path = Base.lproj/Main.storyboard; sourceTree = "<group>"; };
		ED006A3A234BB40900C44414 /* Assets.xcassets */ = {isa = PBXFileReference; lastKnownFileType = folder.assetcatalog; path = Assets.xcassets; sourceTree = "<group>"; };
		ED006A3D234BB40900C44414 /* Base */ = {isa = PBXFileReference; lastKnownFileType = file.storyboard; name = Base; path = Base.lproj/LaunchScreen.storyboard; sourceTree = "<group>"; };
		ED006A3F234BB40900C44414 /* Info.plist */ = {isa = PBXFileReference; lastKnownFileType = text.plist.xml; path = Info.plist; sourceTree = "<group>"; };
		ED006A45234BB4A400C44414 /* LocationCell.swift */ = {isa = PBXFileReference; fileEncoding = 4; lastKnownFileType = sourcecode.swift; path = LocationCell.swift; sourceTree = "<group>"; };
		ED006A46234BB4A500C44414 /* Sound.caf */ = {isa = PBXFileReference; lastKnownFileType = file; path = Sound.caf; sourceTree = "<group>"; };
		ED006A47234BB4A500C44414 /* LocationDetailsViewController.swift */ = {isa = PBXFileReference; fileEncoding = 4; lastKnownFileType = sourcecode.swift; path = LocationDetailsViewController.swift; sourceTree = "<group>"; };
		ED006A48234BB4A500C44414 /* Functions.swift */ = {isa = PBXFileReference; fileEncoding = 4; lastKnownFileType = sourcecode.swift; path = Functions.swift; sourceTree = "<group>"; };
		ED006A49234BB4A600C44414 /* UIImage+Resize.swift */ = {isa = PBXFileReference; fileEncoding = 4; lastKnownFileType = sourcecode.swift; path = "UIImage+Resize.swift"; sourceTree = "<group>"; };
		ED006A4A234BB4A700C44414 /* CurrentLocationViewController.swift */ = {isa = PBXFileReference; fileEncoding = 4; lastKnownFileType = sourcecode.swift; path = CurrentLocationViewController.swift; sourceTree = "<group>"; };
		ED006A4C234BB4A800C44414 /* DataModel.xcdatamodel */ = {isa = PBXFileReference; lastKnownFileType = wrapper.xcdatamodel; path = DataModel.xcdatamodel; sourceTree = "<group>"; };
		ED006A4D234BB4A800C44414 /* Location+CoreDataProperties.swift */ = {isa = PBXFileReference; fileEncoding = 4; lastKnownFileType = sourcecode.swift; path = "Location+CoreDataProperties.swift"; sourceTree = "<group>"; };
		ED006A4E234BB4A800C44414 /* CategoryPickerViewController.swift */ = {isa = PBXFileReference; fileEncoding = 4; lastKnownFileType = sourcecode.swift; path = CategoryPickerViewController.swift; sourceTree = "<group>"; };
		ED006A4F234BB4A900C44414 /* MyImagePickerController.swift */ = {isa = PBXFileReference; fileEncoding = 4; lastKnownFileType = sourcecode.swift; path = MyImagePickerController.swift; sourceTree = "<group>"; };
		ED006A50234BB4A900C44414 /* MapViewController.swift */ = {isa = PBXFileReference; fileEncoding = 4; lastKnownFileType = sourcecode.swift; path = MapViewController.swift; sourceTree = "<group>"; };
		ED006A51234BB4AA00C44414 /* LocationsViewController.swift */ = {isa = PBXFileReference; fileEncoding = 4; lastKnownFileType = sourcecode.swift; path = LocationsViewController.swift; sourceTree = "<group>"; };
		ED006A52234BB4AB00C44414 /* MyTabBarController.swift */ = {isa = PBXFileReference; fileEncoding = 4; lastKnownFileType = sourcecode.swift; path = MyTabBarController.swift; sourceTree = "<group>"; };
		ED006A53234BB4AB00C44414 /* String+AddText.swift */ = {isa = PBXFileReference; fileEncoding = 4; lastKnownFileType = sourcecode.swift; path = "String+AddText.swift"; sourceTree = "<group>"; };
		ED006A54234BB4AB00C44414 /* HudView.swift */ = {isa = PBXFileReference; fileEncoding = 4; lastKnownFileType = sourcecode.swift; path = HudView.swift; sourceTree = "<group>"; };
		ED006A55234BB4AC00C44414 /* Location+CoreDataClass.swift */ = {isa = PBXFileReference; fileEncoding = 4; lastKnownFileType = sourcecode.swift; path = "Location+CoreDataClass.swift"; sourceTree = "<group>"; };
		ED006A56234BB4AC00C44414 /* MyNavigationController.swift */ = {isa = PBXFileReference; fileEncoding = 4; lastKnownFileType = sourcecode.swift; path = MyNavigationController.swift; sourceTree = "<group>"; };
/* End PBXFileReference section */

/* Begin PBXFrameworksBuildPhase section */
		ED006A2D234BB40000C44414 /* Frameworks */ = {
			isa = PBXFrameworksBuildPhase;
			buildActionMask = 2147483647;
			files = (
			);
			runOnlyForDeploymentPostprocessing = 0;
		};
/* End PBXFrameworksBuildPhase section */

/* Begin PBXGroup section */
		ED006A27234BB40000C44414 = {
			isa = PBXGroup;
			children = (
				ED006A32234BB40000C44414 /* MyLocations */,
				ED006A31234BB40000C44414 /* Products */,
			);
			sourceTree = "<group>";
		};
		ED006A31234BB40000C44414 /* Products */ = {
			isa = PBXGroup;
			children = (
				ED006A30234BB40000C44414 /* MyLocations.app */,
			);
			name = Products;
			sourceTree = "<group>";
		};
		ED006A32234BB40000C44414 /* MyLocations */ = {
			isa = PBXGroup;
			children = (
				ED006A33234BB40000C44414 /* AppDelegate.swift */,
				ED006A4E234BB4A800C44414 /* CategoryPickerViewController.swift */,
				ED006A4A234BB4A700C44414 /* CurrentLocationViewController.swift */,
				ED006A4B234BB4A800C44414 /* DataModel.xcdatamodeld */,
				ED006A48234BB4A500C44414 /* Functions.swift */,
				ED006A54234BB4AB00C44414 /* HudView.swift */,
				ED006A55234BB4AC00C44414 /* Location+CoreDataClass.swift */,
				ED006A4D234BB4A800C44414 /* Location+CoreDataProperties.swift */,
				ED006A45234BB4A400C44414 /* LocationCell.swift */,
				ED006A47234BB4A500C44414 /* LocationDetailsViewController.swift */,
				ED006A51234BB4AA00C44414 /* LocationsViewController.swift */,
				ED006A50234BB4A900C44414 /* MapViewController.swift */,
				ED006A4F234BB4A900C44414 /* MyImagePickerController.swift */,
				ED006A56234BB4AC00C44414 /* MyNavigationController.swift */,
				ED006A52234BB4AB00C44414 /* MyTabBarController.swift */,
				ED006A46234BB4A500C44414 /* Sound.caf */,
				ED006A53234BB4AB00C44414 /* String+AddText.swift */,
				ED006A49234BB4A600C44414 /* UIImage+Resize.swift */,
				ED006A37234BB40000C44414 /* Main.storyboard */,
				ED006A3A234BB40900C44414 /* Assets.xcassets */,
				ED006A3C234BB40900C44414 /* LaunchScreen.storyboard */,
				ED006A3F234BB40900C44414 /* Info.plist */,
			);
			path = MyLocations;
			sourceTree = "<group>";
		};
/* End PBXGroup section */

/* Begin PBXNativeTarget section */
		ED006A2F234BB40000C44414 /* MyLocations */ = {
			isa = PBXNativeTarget;
			buildConfigurationList = ED006A42234BB40900C44414 /* Build configuration list for PBXNativeTarget "MyLocations" */;
			buildPhases = (
				ED006A2C234BB40000C44414 /* Sources */,
				ED006A2D234BB40000C44414 /* Frameworks */,
				ED006A2E234BB40000C44414 /* Resources */,
			);
			buildRules = (
			);
			dependencies = (
			);
			name = MyLocations;
			productName = MyLocations;
			productReference = ED006A30234BB40000C44414 /* MyLocations.app */;
			productType = "com.apple.product-type.application";
		};
/* End PBXNativeTarget section */

/* Begin PBXProject section */
		ED006A28234BB40000C44414 /* Project object */ = {
			isa = PBXProject;
			attributes = {
				LastSwiftUpdateCheck = 1030;
				LastUpgradeCheck = 1030;
				ORGANIZATIONNAME = "mostafa elsanadidy";
				TargetAttributes = {
					ED006A2F234BB40000C44414 = {
						CreatedOnToolsVersion = 10.3;
					};
				};
			};
			buildConfigurationList = ED006A2B234BB40000C44414 /* Build configuration list for PBXProject "MyLocations" */;
			compatibilityVersion = "Xcode 9.3";
			developmentRegion = en;
			hasScannedForEncodings = 0;
			knownRegions = (
				en,
				Base,
			);
			mainGroup = ED006A27234BB40000C44414;
			productRefGroup = ED006A31234BB40000C44414 /* Products */;
			projectDirPath = "";
			projectRoot = "";
			targets = (
				ED006A2F234BB40000C44414 /* MyLocations */,
			);
		};
/* End PBXProject section */

/* Begin PBXResourcesBuildPhase section */
		ED006A2E234BB40000C44414 /* Resources */ = {
			isa = PBXResourcesBuildPhase;
			buildActionMask = 2147483647;
			files = (
				ED006A3E234BB40900C44414 /* LaunchScreen.storyboard in Resources */,
				ED006A3B234BB40900C44414 /* Assets.xcassets in Resources */,
				ED006A58234BB4AD00C44414 /* Sound.caf in Resources */,
				ED006A39234BB40000C44414 /* Main.storyboard in Resources */,
			);
			runOnlyForDeploymentPostprocessing = 0;
		};
/* End PBXResourcesBuildPhase section */

/* Begin PBXSourcesBuildPhase section */
		ED006A2C234BB40000C44414 /* Sources */ = {
			isa = PBXSourcesBuildPhase;
			buildActionMask = 2147483647;
			files = (
				ED006A59234BB4AD00C44414 /* LocationDetailsViewController.swift in Sources */,
				ED006A5D234BB4AD00C44414 /* DataModel.xcdatamodeld in Sources */,
				ED006A57234BB4AD00C44414 /* LocationCell.swift in Sources */,
				ED006A67234BB4AD00C44414 /* MyNavigationController.swift in Sources */,
				ED006A66234BB4AD00C44414 /* Location+CoreDataClass.swift in Sources */,
				ED006A65234BB4AD00C44414 /* HudView.swift in Sources */,
				ED006A5A234BB4AD00C44414 /* Functions.swift in Sources */,
				ED006A5E234BB4AD00C44414 /* Location+CoreDataProperties.swift in Sources */,
				ED006A5C234BB4AD00C44414 /* CurrentLocationViewController.swift in Sources */,
				ED006A61234BB4AD00C44414 /* MapViewController.swift in Sources */,
				ED006A62234BB4AD00C44414 /* LocationsViewController.swift in Sources */,
				ED006A34234BB40000C44414 /* AppDelegate.swift in Sources */,
				ED006A60234BB4AD00C44414 /* MyImagePickerController.swift in Sources */,
				ED006A5F234BB4AD00C44414 /* CategoryPickerViewController.swift in Sources */,
				ED006A64234BB4AD00C44414 /* String+AddText.swift in Sources */,
				ED006A5B234BB4AD00C44414 /* UIImage+Resize.swift in Sources */,
				ED006A63234BB4AD00C44414 /* MyTabBarController.swift in Sources */,
			);
			runOnlyForDeploymentPostprocessing = 0;
		};
/* End PBXSourcesBuildPhase section */

/* Begin PBXVariantGroup section */
		ED006A37234BB40000C44414 /* Main.storyboard */ = {
			isa = PBXVariantGroup;
			children = (
				ED006A38234BB40000C44414 /* Base */,
			);
			name = Main.storyboard;
			sourceTree = "<group>";
		};
		ED006A3C234BB40900C44414 /* LaunchScreen.storyboard */ = {
			isa = PBXVariantGroup;
			children = (
				ED006A3D234BB40900C44414 /* Base */,
			);
			name = LaunchScreen.storyboard;
			sourceTree = "<group>";
		};
/* End PBXVariantGroup section */

/* Begin XCBuildConfiguration section */
		ED006A40234BB40900C44414 /* Debug */ = {
			isa = XCBuildConfiguration;
			buildSettings = {
				ALWAYS_SEARCH_USER_PATHS = NO;
				CLANG_ANALYZER_NONNULL = YES;
				CLANG_ANALYZER_NUMBER_OBJECT_CONVERSION = YES_AGGRESSIVE;
				CLANG_CXX_LANGUAGE_STANDARD = "gnu++14";
				CLANG_CXX_LIBRARY = "libc++";
				CLANG_ENABLE_MODULES = YES;
				CLANG_ENABLE_OBJC_ARC = YES;
				CLANG_ENABLE_OBJC_WEAK = YES;
				CLANG_WARN_BLOCK_CAPTURE_AUTORELEASING = YES;
				CLANG_WARN_BOOL_CONVERSION = YES;
				CLANG_WARN_COMMA = YES;
				CLANG_WARN_CONSTANT_CONVERSION = YES;
				CLANG_WARN_DEPRECATED_OBJC_IMPLEMENTATIONS = YES;
				CLANG_WARN_DIRECT_OBJC_ISA_USAGE = YES_ERROR;
				CLANG_WARN_DOCUMENTATION_COMMENTS = YES;
				CLANG_WARN_EMPTY_BODY = YES;
				CLANG_WARN_ENUM_CONVERSION = YES;
				CLANG_WARN_INFINITE_RECURSION = YES;
				CLANG_WARN_INT_CONVERSION = YES;
				CLANG_WARN_NON_LITERAL_NULL_CONVERSION = YES;
				CLANG_WARN_OBJC_IMPLICIT_RETAIN_SELF = YES;
				CLANG_WARN_OBJC_LITERAL_CONVERSION = YES;
				CLANG_WARN_OBJC_ROOT_CLASS = YES_ERROR;
				CLANG_WARN_RANGE_LOOP_ANALYSIS = YES;
				CLANG_WARN_STRICT_PROTOTYPES = YES;
				CLANG_WARN_SUSPICIOUS_MOVE = YES;
				CLANG_WARN_UNGUARDED_AVAILABILITY = YES_AGGRESSIVE;
				CLANG_WARN_UNREACHABLE_CODE = YES;
				CLANG_WARN__DUPLICATE_METHOD_MATCH = YES;
				CODE_SIGN_IDENTITY = "iPhone Developer";
				COPY_PHASE_STRIP = NO;
				DEBUG_INFORMATION_FORMAT = dwarf;
				ENABLE_STRICT_OBJC_MSGSEND = YES;
				ENABLE_TESTABILITY = YES;
				GCC_C_LANGUAGE_STANDARD = gnu11;
				GCC_DYNAMIC_NO_PIC = NO;
				GCC_NO_COMMON_BLOCKS = YES;
				GCC_OPTIMIZATION_LEVEL = 0;
				GCC_PREPROCESSOR_DEFINITIONS = (
					"DEBUG=1",
					"$(inherited)",
				);
				GCC_WARN_64_TO_32_BIT_CONVERSION = YES;
				GCC_WARN_ABOUT_RETURN_TYPE = YES_ERROR;
				GCC_WARN_UNDECLARED_SELECTOR = YES;
				GCC_WARN_UNINITIALIZED_AUTOS = YES_AGGRESSIVE;
				GCC_WARN_UNUSED_FUNCTION = YES;
				GCC_WARN_UNUSED_VARIABLE = YES;
				IPHONEOS_DEPLOYMENT_TARGET = 12.4;
				MTL_ENABLE_DEBUG_INFO = INCLUDE_SOURCE;
				MTL_FAST_MATH = YES;
				ONLY_ACTIVE_ARCH = YES;
				SDKROOT = iphoneos;
				SWIFT_ACTIVE_COMPILATION_CONDITIONS = DEBUG;
				SWIFT_OPTIMIZATION_LEVEL = "-Onone";
			};
			name = Debug;
		};
		ED006A41234BB40900C44414 /* Release */ = {
			isa = XCBuildConfiguration;
			buildSettings = {
				ALWAYS_SEARCH_USER_PATHS = NO;
				CLANG_ANALYZER_NONNULL = YES;
				CLANG_ANALYZER_NUMBER_OBJECT_CONVERSION = YES_AGGRESSIVE;
				CLANG_CXX_LANGUAGE_STANDARD = "gnu++14";
				CLANG_CXX_LIBRARY = "libc++";
				CLANG_ENABLE_MODULES = YES;
				CLANG_ENABLE_OBJC_ARC = YES;
				CLANG_ENABLE_OBJC_WEAK = YES;
				CLANG_WARN_BLOCK_CAPTURE_AUTORELEASING = YES;
				CLANG_WARN_BOOL_CONVERSION = YES;
				CLANG_WARN_COMMA = YES;
				CLANG_WARN_CONSTANT_CONVERSION = YES;
				CLANG_WARN_DEPRECATED_OBJC_IMPLEMENTATIONS = YES;
				CLANG_WARN_DIRECT_OBJC_ISA_USAGE = YES_ERROR;
				CLANG_WARN_DOCUMENTATION_COMMENTS = YES;
				CLANG_WARN_EMPTY_BODY = YES;
				CLANG_WARN_ENUM_CONVERSION = YES;
				CLANG_WARN_INFINITE_RECURSION = YES;
				CLANG_WARN_INT_CONVERSION = YES;
				CLANG_WARN_NON_LITERAL_NULL_CONVERSION = YES;
				CLANG_WARN_OBJC_IMPLICIT_RETAIN_SELF = YES;
				CLANG_WARN_OBJC_LITERAL_CONVERSION = YES;
				CLANG_WARN_OBJC_ROOT_CLASS = YES_ERROR;
				CLANG_WARN_RANGE_LOOP_ANALYSIS = YES;
				CLANG_WARN_STRICT_PROTOTYPES = YES;
				CLANG_WARN_SUSPICIOUS_MOVE = YES;
				CLANG_WARN_UNGUARDED_AVAILABILITY = YES_AGGRESSIVE;
				CLANG_WARN_UNREACHABLE_CODE = YES;
				CLANG_WARN__DUPLICATE_METHOD_MATCH = YES;
				CODE_SIGN_IDENTITY = "iPhone Developer";
				COPY_PHASE_STRIP = NO;
				DEBUG_INFORMATION_FORMAT = "dwarf-with-dsym";
				ENABLE_NS_ASSERTIONS = NO;
				ENABLE_STRICT_OBJC_MSGSEND = YES;
				GCC_C_LANGUAGE_STANDARD = gnu11;
				GCC_NO_COMMON_BLOCKS = YES;
				GCC_WARN_64_TO_32_BIT_CONVERSION = YES;
				GCC_WARN_ABOUT_RETURN_TYPE = YES_ERROR;
				GCC_WARN_UNDECLARED_SELECTOR = YES;
				GCC_WARN_UNINITIALIZED_AUTOS = YES_AGGRESSIVE;
				GCC_WARN_UNUSED_FUNCTION = YES;
				GCC_WARN_UNUSED_VARIABLE = YES;
				IPHONEOS_DEPLOYMENT_TARGET = 12.4;
				MTL_ENABLE_DEBUG_INFO = NO;
				MTL_FAST_MATH = YES;
				SDKROOT = iphoneos;
				SWIFT_COMPILATION_MODE = wholemodule;
				SWIFT_OPTIMIZATION_LEVEL = "-O";
				VALIDATE_PRODUCT = YES;
			};
			name = Release;
		};
		ED006A43234BB40900C44414 /* Debug */ = {
			isa = XCBuildConfiguration;
			buildSettings = {
				ASSETCATALOG_COMPILER_APPICON_NAME = AppIcon;
				CODE_SIGN_STYLE = Automatic;
				DEVELOPMENT_TEAM = BL8VD5DUD8;
				INFOPLIST_FILE = MyLocations/Info.plist;
				LD_RUNPATH_SEARCH_PATHS = (
					"$(inherited)",
					"@executable_path/Frameworks",
				);
				PRODUCT_BUNDLE_IDENTIFIER = com.mostafaElsanadidy.MyLocations;
				PRODUCT_NAME = "$(TARGET_NAME)";
				SWIFT_VERSION = 5.0;
				TARGETED_DEVICE_FAMILY = "1,2";
			};
			name = Debug;
		};
		ED006A44234BB40900C44414 /* Release */ = {
			isa = XCBuildConfiguration;
			buildSettings = {
				ASSETCATALOG_COMPILER_APPICON_NAME = AppIcon;
				CODE_SIGN_STYLE = Automatic;
				DEVELOPMENT_TEAM = BL8VD5DUD8;
				INFOPLIST_FILE = MyLocations/Info.plist;
				LD_RUNPATH_SEARCH_PATHS = (
					"$(inherited)",
					"@executable_path/Frameworks",
				);
				PRODUCT_BUNDLE_IDENTIFIER = com.mostafaElsanadidy.MyLocations;
				PRODUCT_NAME = "$(TARGET_NAME)";
				SWIFT_VERSION = 5.0;
				TARGETED_DEVICE_FAMILY = "1,2";
			};
			name = Release;
		};
/* End XCBuildConfiguration section */

/* Begin XCConfigurationList section */
		ED006A2B234BB40000C44414 /* Build configuration list for PBXProject "MyLocations" */ = {
			isa = XCConfigurationList;
			buildConfigurations = (
				ED006A40234BB40900C44414 /* Debug */,
				ED006A41234BB40900C44414 /* Release */,
			);
			defaultConfigurationIsVisible = 0;
			defaultConfigurationName = Release;
		};
		ED006A42234BB40900C44414 /* Build configuration list for PBXNativeTarget "MyLocations" */ = {
			isa = XCConfigurationList;
			buildConfigurations = (
				ED006A43234BB40900C44414 /* Debug */,
				ED006A44234BB40900C44414 /* Release */,
			);
			defaultConfigurationIsVisible = 0;
			defaultConfigurationName = Release;
		};
/* End XCConfigurationList section */

/* Begin XCVersionGroup section */
		ED006A4B234BB4A800C44414 /* DataModel.xcdatamodeld */ = {
			isa = XCVersionGroup;
			children = (
				ED006A4C234BB4A800C44414 /* DataModel.xcdatamodel */,
			);
			currentVersion = ED006A4C234BB4A800C44414 /* DataModel.xcdatamodel */;
			path = DataModel.xcdatamodeld;
			sourceTree = "<group>";
			versionGroupType = wrapper.xcdatamodel;
		};
/* End XCVersionGroup section */
	};
	rootObject = ED006A28234BB40000C44414 /* Project object */;
}
